
Microsoft Visual Studio Solution File, Format Version 12.00
# Visual Studio Version 17
VisualStudioVersion = 17.8.34330.188
MinimumVisualStudioVersion = 10.0.40219.1
Project("{FAE04EC0-301F-11D3-BF4B-00C04F79EFBC}") = "CourseProject", "CourseProject\CourseProject.csproj", "{65AC6B7E-300B-4073-B387-7EAD6AFCF613}"
EndProject
Global
	GlobalSection(SolutionConfigurationPlatforms) = preSolution
		Debug|Any CPU = Debug|Any CPU
		Release|Any CPU = Release|Any CPU
	EndGlobalSection
	GlobalSection(ProjectConfigurationPlatforms) = postSolution
		{65AC6B7E-300B-4073-B387-7EAD6AFCF613}.Debug|Any CPU.ActiveCfg = Debug|Any CPU
		{65AC6B7E-300B-4073-B387-7EAD6AFCF613}.Debug|Any CPU.Build.0 = Debug|Any CPU
		{65AC6B7E-300B-4073-B387-7EAD6AFCF613}.Release|Any CPU.ActiveCfg = Release|Any CPU
		{65AC6B7E-300B-4073-B387-7EAD6AFCF613}.Release|Any CPU.Build.0 = Release|Any CPU
	EndGlobalSection
	GlobalSection(SolutionProperties) = preSolution
		HideSolutionNode = FALSE
	EndGlobalSection
	GlobalSection(ExtensibilityGlobals) = postSolution
		SolutionGuid = {47B4EB30-4563-4B65-87B1-50A0577C52EF}
	EndGlobalSection
EndGlobal
